{"1.2.0",
[{<<"cowboy">>,{pkg,<<"cowboy">>,<<"2.14.2">>},0},
 {<<"cowlib">>,{pkg,<<"cowlib">>,<<"2.16.0">>},0},
 {<<"ddskerl">>,{pkg,<<"ddskerl">>,<<"0.4.3">>},1},
 {<<"jsx">>,{pkg,<<"jsx">>,<<"3.1.0">>},0},
 {<<"netflow">>,{pkg,<<"netflow">>,<<"1.0.0">>},0},
 {<<"prometheus">>,{pkg,<<"prometheus">>,<<"6.1.2">>},0},
 {<<"ranch">>,{pkg,<<"ranch">>,<<"2.2.0">>},0},
 {<<"yamerl">>,{pkg,<<"yamerl">>,<<"0.10.0">>},0}]}.
[
{pkg_hash,[
 {<<"cowboy">>, <<"4008BE1DF6ADE45E4F2A4E9E2D22B36D0B5ABA4E20B0A0D7049E28D124E34847">>},
 {<<"cowlib">>, <<"54592074EBBBB92EE4746C8A8846E5605052F29309D3A873468D76CDF932076F">>},
 {<<"ddskerl">>, <<"BB97B90EEF1B5906520CEBDD38DA29B18A770B5567F6297927F53566EAE9BEBB">>},
 {<<"jsx">>, <<"D12516BAA0BB23A59BB35DCCAF02A1BD08243FCBB9EFE24F2D9D056CCFF71268">>},
 {<<"netflow">>, <<"6EC9AE4FDB9C341648525556E2B55809A4FDCC584AD2D18FF935F037C9934702">>},
 {<<"prometheus">>, <<"E5C3C567CD8B0994425920763405635211183C15BDC47D0CD524807DDE20CA1D">>},
 {<<"ranch">>, <<"25528F82BC8D7C6152C57666CA99EC716510FE0925CB188172F41CE93117B1B0">>},
 {<<"yamerl">>, <<"4FF81FEE2F1F6A46F1700C0D880B24D193DDB74BD14EF42CB0BCF46E81EF2F8E">>}]},
{pkg_hash_ext,[
 {<<"cowboy">>, <<"569081DA046E7B41B5DF36AA359BE71A0C8874E5B9CFF6F747073FC57BAF1AB9">>},
 {<<"cowlib">>, <<"7F478D80D66B747344F0EA7708C187645CFCC08B11AA424632F78E25BF05DB51">>},
 {<<"ddskerl">>, <<"4E0F6047C6A002CE38F6EA155276DD918CD635FD0A5EDB9E0B46AEB6F7AFF2C2">>},
 {<<"jsx">>, <<"0C5CC8FDC11B53CC25CF65AC6705AD39E54ECC56D1C22E4ADB8F5A53FB9427F3">>},
 {<<"netflow">>, <<"34865E12188519EF40477BBFC3C9BD42E90DA316E4CD5B2BD56BD97D875A5789">>},
 {<<"prometheus">>, <<"109662001328112B860DE112D49B575310BE8FF33FE04BF0482EEC4B1E5A1278">>},
 {<<"ranch">>, <<"FA0B99A1780C80218A4197A59EA8D3BDAE32FBFF7E88527D7D8A4787EFF4F8E7">>},
 {<<"yamerl">>, <<"346ADB2963F1051DC837A2364E4ACF6EB7D80097C0F53CBDC3046EC8EC4B4E6E">>}]}
].
